
Microsoft Visual Studio Solution File, Format Version 9.00
# Visual Studio 2005
Project("{FAE04EC0-301F-11D3-BF4B-00C04F79EFBC}") = "OruxPalsServer", "OruxPalsServer.csproj", "{3D3014EC-6E85-41BD-A108-6A407DD89294}"
EndProject
Global
	GlobalSection(SolutionConfigurationPlatforms) = preSolution
		Debug|AnyCPU = Debug|AnyCPU
		Release|AnyCPU = Release|AnyCPU
	EndGlobalSection
	GlobalSection(ProjectConfigurationPlatforms) = postSolution
		{3D3014EC-6E85-41BD-A108-6A407DD89294}.Debug|AnyCPU.ActiveCfg = Debug|x86
		{3D3014EC-6E85-41BD-A108-6A407DD89294}.Release|AnyCPU.ActiveCfg = Release|x86
		{3D3014EC-6E85-41BD-A108-6A407DD89294}.Release|AnyCPU.Build.0 = Release|x86
	EndGlobalSection
	GlobalSection(SolutionProperties) = preSolution
		HideSolutionNode = FALSE
	EndGlobalSection
EndGlobal
